# THIS IS AN AUTOGENERATED FILE. DO NOT EDIT THIS FILE DIRECTLY.
# yarn lockfile v1


accept-language-parser@^1.5.0:
  version "1.5.0"
  resolved "https://registry.yarnpkg.com/accept-language-parser/-/accept-language-parser-1.5.0.tgz#8877c54040a8dcb59e0a07d9c1fde42298334791"
  integrity sha512-QhyTbMLYo0BBGg1aWbeMG4ekWtds/31BrEU+DONOg/7ax23vxpL03Pb7/zBmha2v7vdD3AyzZVWBVGEZxKOXWw==

cookie@^2.0.1:
  version "2.0.1"
  resolved "https://registry.yarnpkg.com/cookie/-/cookie-2.0.1.tgz#1fc7e9bddf38fa9567cd4d750820087cdb5d6e98"
  integrity sha512-yuToqVvRrj6pfDXREyQAAv8SkAEk/8GS3jQRTiUMm66TVtBYmqQeoEjL2Lmq8Rpo6271vH76InTChTitEAm65w==
