# This file is automatically @generated by Poetry 2.4.1 and should not be changed by hand.

[[package]]
name = "black"
version = "25.9.0"
description = "The uncompromising code formatter."
optional = false
python-versions = ">=3.9"
groups = ["dev"]
files = [
    {file = "black-25.9.0-cp310-cp310-macosx_10_9_x86_64.whl", hash = "sha256:ce41ed2614b706fd55fd0b4a6909d06b5bab344ffbfadc6ef34ae50adba3d4f7"},
    {file = "black-25.9.0-cp310-cp310-macosx_11_0_arm64.whl", hash = "sha256:2ab0ce111ef026790e9b13bd216fa7bc48edd934ffc4cbf78808b235793cbc92"},
    {file = "black-25.9.0-cp310-cp310-manylinux_2_17_x86_64.manylinux2014_x86_64.manylinux_2_28_x86_64.whl", hash = "sha256:f96b6726d690c96c60ba682955199f8c39abc1ae0c3a494a9c62c0184049a713"},
    {file = "black-25.9.0-cp310-cp310-win_amd64.whl", hash = "sha256:d119957b37cc641596063cd7db2656c5be3752ac17877017b2ffcdb9dfc4d2b1"},
    {file = "black-25.9.0-cp311-cp311-macosx_10_9_x86_64.whl", hash = "sha256:456386fe87bad41b806d53c062e2974615825c7a52159cde7ccaeb0695fa28fa"},
    {file = "black-25.9.0-cp311-cp311-macosx_11_0_arm64.whl", hash = "sha256:a16b14a44c1af60a210d8da28e108e13e75a284bf21a9afa6b4571f96ab8bb9d"},
    {file = "black-25.9.0-cp311-cp311-manylinux_2_17_x86_64.manylinux2014_x86_64.manylinux_2_28_x86_64.whl", hash = "sha256:aaf319612536d502fdd0e88ce52d8f1352b2c0a955cc2798f79eeca9d3af0608"},
    {file = "black-25.9.0-cp311-cp311-win_amd64.whl", hash = "sha256:c0372a93e16b3954208417bfe448e09b0de5cc721d521866cd9e0acac3c04a1f"},
    {file = "black-25.9.0-cp312-cp312-macosx_10_13_x86_64.whl", hash = "sha256:1b9dc70c21ef8b43248f1d86aedd2aaf75ae110b958a7909ad8463c4aa0880b0"},
    {file = "black-25.9.0-cp312-cp312-macosx_11_0_arm64.whl", hash = "sha256:8e46eecf65a095fa62e53245ae2795c90bdecabd53b50c448d0a8bcd0d2e74c4"},
    {file = "black-25.9.0-cp312-cp312-manylinux_2_17_x86_64.manylinux2014_x86_64.manylinux_2_28_x86_64.whl", hash = "sha256:9101ee58ddc2442199a25cb648d46ba22cd580b00ca4b44234a324e3ec7a0f7e"},
    {file = "black-25.9.0-cp312-cp312-win_amd64.whl", hash = "sha256:77e7060a00c5ec4b3367c55f39cf9b06e68965a4f2e61cecacd6d0d9b7ec945a"},
    {file = "black-25.9.0-cp313-cp313-macosx_10_13_x86_64.whl", hash = "sha256:0172a012f725b792c358d57fe7b6b6e8e67375dd157f64fa7a3097b3ed3e2175"},
    {file = "black-25.9.0-cp313-cp313-macosx_11_0_arm64.whl", hash = "sha256:3bec74ee60f8dfef564b573a96b8930f7b6a538e846123d5ad77ba14a8d7a64f"},
    {file = "black-25.9.0-cp313-cp313-manylinux_2_17_x86_64.manylinux2014_x86_64.manylinux_2_28_x86_64.whl", hash = "sha256:b756fc75871cb1bcac5499552d771822fd9db5a2bb8db2a7247936ca48f39831"},
    {file = "black-25.9.0-cp313-cp313-win_amd64.whl", hash = "sha256:846d58e3ce7879ec1ffe816bb9df6d006cd9590515ed5d17db14e17666b2b357"},
    {file = "black-25.9.0-cp39-cp39-macosx_10_9_x86_64.whl", hash = "sha256:ef69351df3c84485a8beb6f7b8f9721e2009e20ef80a8d619e2d1788b7816d47"},
    {file = "black-25.9.0-cp39-cp39-macosx_11_0_arm64.whl", hash = "sha256:e3c1f4cd5e93842774d9ee4ef6cd8d17790e65f44f7cdbaab5f2cf8ccf22a823"},
    {file = "black-25.9.0-cp39-cp39-manylinux_2_17_x86_64.manylinux2014_x86_64.manylinux_2_28_x86_64.whl", hash = "sha256:154b06d618233fe468236ba1f0e40823d4eb08b26f5e9261526fde34916b9140"},
    {file = "black-25.9.0-cp39-cp39-win_amd64.whl", hash = "sha256:e593466de7b998374ea2585a471ba90553283fb9beefcfa430d84a2651ed5933"},
    {file = "black-25.9.0-py3-none-any.whl", hash = "sha256:474b34c1342cdc157d307b56c4c65bce916480c4a8f6551fdc6bf9b486a7c4ae"},
    {file = "black-25.9.0.tar.gz", hash = "sha256:0474bca9a0dd1b51791fcc507a4e02078a1c63f6d4e4ae5544b9848c7adfb619"},
]

[package.dependencies]
click = ">=8.0.0"
mypy-extensions = ">=0.4.3"
packaging = ">=22.0"
pathspec = ">=0.9.0"
platformdirs = ">=2"
pytokens = ">=0.1.10"
tomli = {version = ">=1.1.0", markers = "python_version < \"3.11\""}
typing-extensions = {version = ">=4.0.1", markers = "python_version < \"3.11\""}

[package.extras]
colorama = ["colorama (>=0.4.3)"]
d = ["aiohttp (>=3.10)"]
jupyter = ["ipython (>=7.8.0)", "tokenize-rt (>=3.2.0)"]
uvloop = ["uvloop (>=0.15.2)"]

[[package]]
name = "certifi"
version = "2024.7.4"
description = "Python package for providing Mozilla's CA Bundle."
optional = false
python-versions = ">=3.6"
groups = ["main"]
files = [
    {file = "certifi-2024.7.4-py3-none-any.whl", hash = "sha256:c198e21b1289c2ab85ee4e67bb4b4ef3ead0892059901a8d5b622f24a1101e90"},
    {file = "certifi-2024.7.4.tar.gz", hash = "sha256:5a1e7645bc0ec61a09e26c36f6106dd4cf40c6db3a1fb6352b0244e7fb057c7b"},
]

[[package]]
name = "click"
version = "8.4.2"
description = "Composable command line interface toolkit"
optional = false
python-versions = ">=3.10"
groups = ["main", "dev"]
files = [
    {file = "click-8.4.2-py3-none-any.whl", hash = "sha256:e6f9f66136c816745b9d65817da91d61d957fb16e02e4dcd0552553c5a197b76"},
    {file = "click-8.4.2.tar.gz", hash = "sha256:9a6cea6e60b17ebe0a44c5cc636d94f09bd66142c1cd7d8b4cd731c4917a15f6"},
]

[package.dependencies]
colorama = {version = "*", markers = "platform_system == \"Windows\""}

[[package]]
name = "colorama"
version = "0.4.6"
description = "Cross-platform colored terminal text."
optional = false
python-versions = "!=3.0.*,!=3.1.*,!=3.2.*,!=3.3.*,!=3.4.*,!=3.5.*,!=3.6.*,>=2.7"
groups = ["main", "dev"]
files = [
    {file = "colorama-0.4.6-py2.py3-none-any.whl", hash = "sha256:4f1d9991f5acc0ca119f9d443620b77f9d6b33703e51011c16baf57afb285fc6"},
    {file = "colorama-0.4.6.tar.gz", hash = "sha256:08695f5cb7ed6e0531a20572697297273c47b8cae5a63ffc6d6ed5c201be6e44"},
]
markers = {main = "platform_system == \"Windows\"", dev = "platform_system == \"Windows\" or sys_platform == \"win32\""}

[[package]]
name = "elasticsearch"
version = "7.17.12"
description = "Python client for Elasticsearch"
optional = false
python-versions = "!=3.0.*,!=3.1.*,!=3.2.*,!=3.3.*,<4,>=2.7"
groups = ["main"]
files = [
    {file = "elasticsearch-7.17.12-py2.py3-none-any.whl", hash = "sha256:468fd5eef703c0d9238e29bcaf3a6fe4d6b092f917959fbf41f48f8fea3df2f8"},
    {file = "elasticsearch-7.17.12.tar.gz", hash = "sha256:a1f5733ae8cf1dbf0a78593389f2503c87dd97429976099832bf0626cdfaac8b"},
]

[package.dependencies]
certifi = "*"
urllib3 = ">=1.21.1,<2"

[package.extras]
async = ["aiohttp (>=3,<4)"]
develop = ["black", "coverage", "jinja2", "mock", "pytest", "pytest-cov", "pyyaml", "requests (>=2.0.0,<3.0.0)", "sphinx (<1.7)", "sphinx-rtd-theme"]
docs = ["sphinx (<1.7)", "sphinx-rtd-theme"]
requests = ["requests (>=2.4.0,<3.0.0)"]

[[package]]
name = "elasticsearch-dsl"
version = "7.4.1"
description = "Python client for Elasticsearch"
optional = false
python-versions = ">=2.7, !=3.0.*, !=3.1.*, !=3.2.*, !=3.3.*"
groups = ["main"]
files = [
    {file = "elasticsearch-dsl-7.4.1.tar.gz", hash = "sha256:07ee9c87dc28cc3cae2daa19401e1e18a172174ad9e5ca67938f752e3902a1d5"},
    {file = "elasticsearch_dsl-7.4.1-py2.py3-none-any.whl", hash = "sha256:97f79239a252be7c4cce554c29e64695d7ef6a4828372316a5e5ff815e7a7498"},
]

[package.dependencies]
elasticsearch = ">=7.0.0,<8.0.0"
python-dateutil = "*"
six = "*"

[package.extras]
develop = ["coverage (<5.0.0)", "mock", "pytest (>=3.0.0)", "pytest-cov", "pytest-mock (<3.0.0)", "pytz", "sphinx", "sphinx-rtd-theme"]

[[package]]
name = "exceptiongroup"
version = "1.1.0"
description = "Backport of PEP 654 (exception groups)"
optional = false
python-versions = ">=3.7"
groups = ["dev"]
markers = "python_version == \"3.10\""
files = [
    {file = "exceptiongroup-1.1.0-py3-none-any.whl", hash = "sha256:327cbda3da756e2de031a3107b81ab7b3770a602c4d16ca618298c526f4bec1e"},
    {file = "exceptiongroup-1.1.0.tar.gz", hash = "sha256:bcb67d800a4497e1b404c2dd44fca47d3b7a5e5433dbab67f96c1a685cdfdf23"},
]

[package.extras]
test = ["pytest (>=6)"]

[[package]]
name = "flake8"
version = "7.3.0"
description = "the modular source code checker: pep8 pyflakes and co"
optional = false
python-versions = ">=3.9"
groups = ["dev"]
files = [
    {file = "flake8-7.3.0-py2.py3-none-any.whl", hash = "sha256:b9696257b9ce8beb888cdbe31cf885c90d31928fe202be0889a7cdafad32f01e"},
    {file = "flake8-7.3.0.tar.gz", hash = "sha256:fe044858146b9fc69b551a4b490d69cf960fcb78ad1edcb84e7fbb1b4a8e3872"},
]

[package.dependencies]
mccabe = ">=0.7.0,<0.8.0"
pycodestyle = ">=2.14.0,<2.15.0"
pyflakes = ">=3.4.0,<3.5.0"

[[package]]
name = "iniconfig"
version = "2.0.0"
description = "brain-dead simple config-ini parsing"
optional = false
python-versions = ">=3.7"
groups = ["dev"]
files = [
    {file = "iniconfig-2.0.0-py3-none-any.whl", hash = "sha256:b6a85871a79d2e3b22d2d1b94ac2824226a63c6b741c88f7ae975f18b6778374"},
    {file = "iniconfig-2.0.0.tar.gz", hash = "sha256:2d91e135bf72d31a410b17c16da610a82cb55f6b0477d1a902134b24a455b8b3"},
]

[[package]]
name = "mccabe"
version = "0.7.0"
description = "McCabe checker, plugin for flake8"
optional = false
python-versions = ">=3.6"
groups = ["dev"]
files = [
    {file = "mccabe-0.7.0-py2.py3-none-any.whl", hash = "sha256:6c2d30ab6be0e4a46919781807b4f0d834ebdd6c6e3dca0bda5a15f863427b6e"},
    {file = "mccabe-0.7.0.tar.gz", hash = "sha256:348e0240c33b60bbdf4e523192ef919f28cb2c3d7d5c7794f74009290f236325"},
]

[[package]]
name = "mypy-extensions"
version = "1.0.0"
description = "Type system extensions for programs checked with the mypy type checker."
optional = false
python-versions = ">=3.5"
groups = ["dev"]
files = [
    {file = "mypy_extensions-1.0.0-py3-none-any.whl", hash = "sha256:4392f6c0eb8a5668a69e23d168ffa70f0be9ccfd32b5cc2d26a34ae5b844552d"},
    {file = "mypy_extensions-1.0.0.tar.gz", hash = "sha256:75dbf8955dc00442a438fc4d0666508a9a97b6bd41aa2f0ffe9d2f2725af0782"},
]

[[package]]
name = "packaging"
version = "23.0"
description = "Core utilities for Python packages"
optional = false
python-versions = ">=3.7"
groups = ["dev"]
files = [
    {file = "packaging-23.0-py3-none-any.whl", hash = "sha256:714ac14496c3e68c99c29b00845f7a2b85f3bb6f1078fd9f72fd20f0570002b2"},
    {file = "packaging-23.0.tar.gz", hash = "sha256:b6ad297f8907de0fa2fe1ccbd26fdaf387f5f47c7275fedf8cce89f99446cf97"},
]

[[package]]
name = "pathspec"
version = "0.11.0"
description = "Utility library for gitignore style pattern matching of file paths."
optional = false
python-versions = ">=3.7"
groups = ["dev"]
files = [
    {file = "pathspec-0.11.0-py3-none-any.whl", hash = "sha256:3a66eb970cbac598f9e5ccb5b2cf58930cd8e3ed86d393d541eaf2d8b1705229"},
    {file = "pathspec-0.11.0.tar.gz", hash = "sha256:64d338d4e0914e91c1792321e6907b5a593f1ab1851de7fc269557a21b30ebbc"},
]

[[package]]
name = "platformdirs"
version = "3.0.0"
description = "A small Python package for determining appropriate platform-specific dirs, e.g. a \"user data dir\"."
optional = false
python-versions = ">=3.7"
groups = ["dev"]
files = [
    {file = "platformdirs-3.0.0-py3-none-any.whl", hash = "sha256:b1d5eb14f221506f50d6604a561f4c5786d9e80355219694a1b244bcd96f4567"},
    {file = "platformdirs-3.0.0.tar.gz", hash = "sha256:8a1228abb1ef82d788f74139988b137e78692984ec7b08eaa6c65f1723af28f9"},
]

[package.extras]
docs = ["furo (>=2022.12.7)", "proselint (>=0.13)", "sphinx (>=6.1.3)", "sphinx-autodoc-typehints (>=1.22,!=1.23.4)"]
test = ["appdirs (==1.4.4)", "covdefaults (>=2.2.2)", "pytest (>=7.2.1)", "pytest-cov (>=4)", "pytest-mock (>=3.10)"]

[[package]]
name = "pluggy"
version = "1.5.0"
description = "plugin and hook calling mechanisms for python"
optional = false
python-versions = ">=3.8"
groups = ["dev"]
files = [
    {file = "pluggy-1.5.0-py3-none-any.whl", hash = "sha256:44e1ad92c8ca002de6377e165f3e0f1be63266ab4d554740532335b9d75ea669"},
    {file = "pluggy-1.5.0.tar.gz", hash = "sha256:2cffa88e94fdc978c4c574f15f9e59b7f4201d439195c3715ca9e2486f1d0cf1"},
]

[package.extras]
dev = ["pre-commit", "tox"]
testing = ["pytest", "pytest-benchmark"]

[[package]]
name = "pycodestyle"
version = "2.14.0"
description = "Python style guide checker"
optional = false
python-versions = ">=3.9"
groups = ["dev"]
files = [
    {file = "pycodestyle-2.14.0-py2.py3-none-any.whl", hash = "sha256:dd6bf7cb4ee77f8e016f9c8e74a35ddd9f67e1d5fd4184d86c3b98e07099f42d"},
    {file = "pycodestyle-2.14.0.tar.gz", hash = "sha256:c4b5b517d278089ff9d0abdec919cd97262a3367449ea1c8b49b91529167b783"},
]

[[package]]
name = "pyflakes"
version = "3.4.0"
description = "passive checker of Python programs"
optional = false
python-versions = ">=3.9"
groups = ["dev"]
files = [
    {file = "pyflakes-3.4.0-py2.py3-none-any.whl", hash = "sha256:f742a7dbd0d9cb9ea41e9a24a918996e8170c799fa528688d40dd582c8265f4f"},
    {file = "pyflakes-3.4.0.tar.gz", hash = "sha256:b24f96fafb7d2ab0ec5075b7350b3d2d2218eab42003821c06344973d3ea2f58"},
]

[[package]]
name = "pygments"
version = "2.19.1"
description = "Pygments is a syntax highlighting package written in Python."
optional = false
python-versions = ">=3.8"
groups = ["dev"]
files = [
    {file = "pygments-2.19.1-py3-none-any.whl", hash = "sha256:9ea1544ad55cecf4b8242fab6dd35a93bbce657034b0611ee383099054ab6d8c"},
    {file = "pygments-2.19.1.tar.gz", hash = "sha256:61c16d2a8576dc0649d9f39e089b5f02bcd27fba10d8fb4dcc28173f7a45151f"},
]

[package.extras]
windows-terminal = ["colorama (>=0.4.6)"]

[[package]]
name = "pytest"
version = "8.4.2"
description = "pytest: simple powerful testing with Python"
optional = false
python-versions = ">=3.9"
groups = ["dev"]
files = [
    {file = "pytest-8.4.2-py3-none-any.whl", hash = "sha256:872f880de3fc3a5bdc88a11b39c9710c3497a547cfa9320bc3c5e62fbf272e79"},
    {file = "pytest-8.4.2.tar.gz", hash = "sha256:86c0d0b93306b961d58d62a4db4879f27fe25513d4b969df351abdddb3c30e01"},
]

[package.dependencies]
colorama = {version = ">=0.4", markers = "sys_platform == \"win32\""}
exceptiongroup = {version = ">=1", markers = "python_version < \"3.11\""}
iniconfig = ">=1"
packaging = ">=20"
pluggy = ">=1.5,<2"
pygments = ">=2.7.2"
tomli = {version = ">=1", markers = "python_version < \"3.11\""}

[package.extras]
dev = ["argcomplete", "attrs (>=19.2)", "hypothesis (>=3.56)", "mock", "requests", "setuptools", "xmlschema"]

[[package]]
name = "python-dateutil"
version = "2.8.2"
description = "Extensions to the standard Python datetime module"
optional = false
python-versions = "!=3.0.*,!=3.1.*,!=3.2.*,>=2.7"
groups = ["main"]
files = [
    {file = "python-dateutil-2.8.2.tar.gz", hash = "sha256:0123cacc1627ae19ddf3c27a5de5bd67ee4586fbdd6440d9748f8abb483d3e86"},
    {file = "python_dateutil-2.8.2-py2.py3-none-any.whl", hash = "sha256:961d03dc3453ebbc59dbdea9e4e11c5651520a876d0f4db161e8674aae935da9"},
]

[package.dependencies]
six = ">=1.5"

[[package]]
name = "python-decouple"
version = "3.8"
description = "Strict separation of settings from code."
optional = false
python-versions = "*"
groups = ["main"]
files = [
    {file = "python-decouple-3.8.tar.gz", hash = "sha256:ba6e2657d4f376ecc46f77a3a615e058d93ba5e465c01bbe57289bfb7cce680f"},
    {file = "python_decouple-3.8-py3-none-any.whl", hash = "sha256:d0d45340815b25f4de59c974b855bb38d03151d81b037d9e3f463b0c9f8cbd66"},
]

[[package]]
name = "pytokens"
version = "0.1.10"
description = "A Fast, spec compliant Python 3.12+ tokenizer that runs on older Pythons."
optional = false
python-versions = ">=3.8"
groups = ["dev"]
files = [
    {file = "pytokens-0.1.10-py3-none-any.whl", hash = "sha256:db7b72284e480e69fb085d9f251f66b3d2df8b7166059261258ff35f50fb711b"},
    {file = "pytokens-0.1.10.tar.gz", hash = "sha256:c9a4bfa0be1d26aebce03e6884ba454e842f186a59ea43a6d3b25af58223c044"},
]

[package.extras]
dev = ["black", "build", "mypy", "pytest", "pytest-cov", "setuptools", "tox", "twine", "wheel"]

[[package]]
name = "selectolax"
version = "0.4.1"
description = "Fast HTML5 parser with CSS selectors."
optional = false
python-versions = ">=3.9"
groups = ["main"]
files = [
    {file = "selectolax-0.4.1-cp310-cp310-macosx_10_9_x86_64.whl", hash = "sha256:e2c39bffad15247afe4cef9fcc752879ad68e7c872be750448aca3b1fa5e5ece"},
    {file = "selectolax-0.4.1-cp310-cp310-macosx_11_0_arm64.whl", hash = "sha256:ed4e2144b0d4c518480bdbf7dc1f595219c4f91cfcfb48b716a083575d439806"},
    {file = "selectolax-0.4.1-cp310-cp310-manylinux2014_aarch64.manylinux_2_17_aarch64.manylinux_2_28_aarch64.whl", hash = "sha256:1436837403871249ec6bb7c1b7fc571996e3e49fe9042a0631f15c8255664e07"},
    {file = "selectolax-0.4.1-cp310-cp310-manylinux2014_x86_64.manylinux_2_17_x86_64.manylinux_2_28_x86_64.whl", hash = "sha256:d856ddff667ac9fde529228719e142cd4a4cf033d41b7e5da20e216fdcc3f974"},
    {file = "selectolax-0.4.1-cp310-cp310-musllinux_1_2_aarch64.whl", hash = "sha256:21ca0ddaf259abc7adea24bb8e48852aab8937e12d7343a401a08a5be185f984"},
    {file = "selectolax-0.4.1-cp310-cp310-musllinux_1_2_x86_64.whl", hash = "sha256:9c5c7a11d5e688ba30eb0df18829eebe77d527324dfd6273a8ea5f32367b439b"},
    {file = "selectolax-0.4.1-cp310-cp310-win32.whl", hash = "sha256:c366e0618c215029f6dd37717acc092387107fdbaf5c9d1595356e943824778c"},
    {file = "selectolax-0.4.1-cp310-cp310-win_amd64.whl", hash = "sha256:5387c4673c460516a7e42cd9d3d7a68a7f4738d11f35e1e6e4c5d0c80a7446ea"},
    {file = "selectolax-0.4.1-cp310-cp310-win_arm64.whl", hash = "sha256:b47474ecd10c6142f5543c6d2cb7449c073dd4930a4761808cf40c173eeca273"},
    {file = "selectolax-0.4.1-cp311-cp311-macosx_10_9_x86_64.whl", hash = "sha256:7fdb85ee8019ae6507ead4ed6763cf42b0ef9732fa4c1db80756ab6e330b99a9"},
    {file = "selectolax-0.4.1-cp311-cp311-macosx_11_0_arm64.whl", hash = "sha256:0d4d9324ba9b3fd814f670fa00721dd1e034f83cce9ae5669abf1d20e6506845"},
    {file = "selectolax-0.4.1-cp311-cp311-manylinux2014_aarch64.manylinux_2_17_aarch64.manylinux_2_28_aarch64.whl", hash = "sha256:b09c36be9aff672686b180a0c684426a8fa9881fc798bdf428dfd93509c5dce8"},
    {file = "selectolax-0.4.1-cp311-cp311-manylinux2014_x86_64.manylinux_2_17_x86_64.manylinux_2_28_x86_64.whl", hash = "sha256:74f3ea7678c79f31c36d1a674ab9c3046aa9a98fadb2c80637b608edbfd1908a"},
    {file = "selectolax-0.4.1-cp311-cp311-musllinux_1_2_aarch64.whl", hash = "sha256:2237dbf51a3d596e2e2a887da74ed25c80a6058fb1e3d17f91f7ed45653a92bf"},
    {file = "selectolax-0.4.1-cp311-cp311-musllinux_1_2_x86_64.whl", hash = "sha256:80e43bd84a5af2c6bb34c489eb172d9f3f7bf757c935f099bcd7b2ce920e66da"},
    {file = "selectolax-0.4.1-cp311-cp311-win32.whl", hash = "sha256:bca7c37dd8bca2cfb41ba2e63f3bf04823c2d986ee7831ca2e81dbb4d7278f78"},
    {file = "selectolax-0.4.1-cp311-cp311-win_amd64.whl", hash = "sha256:73f46fc397b309ec472134c8d59b02c90d5bd171acb2c1368b4d75c8a139bb4d"},
    {file = "selectolax-0.4.1-cp311-cp311-win_arm64.whl", hash = "sha256:13c17c0a4be4cc877ae670096aa7152b1c23a700d44231fc5db4657cc4c3add7"},
    {file = "selectolax-0.4.1-cp312-cp312-macosx_10_13_x86_64.whl", hash = "sha256:a1dae8dacc0915d23fb81063dd937393f769aff3a9d24e6b499c02a008766f37"},
    {file = "selectolax-0.4.1-cp312-cp312-macosx_11_0_arm64.whl", hash = "sha256:dd800f6ef54da4086934db1b4b569acfbbe69d5f4f9959dddbbfaff67b890c23"},
    {file = "selectolax-0.4.1-cp312-cp312-manylinux2014_aarch64.manylinux_2_17_aarch64.manylinux_2_28_aarch64.whl", hash = "sha256:4a0ededa5361287a6a8bde2b94d2ac920529079fd643e3e9e27cc927004dd65e"},
    {file = "selectolax-0.4.1-cp312-cp312-manylinux2014_x86_64.manylinux_2_17_x86_64.manylinux_2_28_x86_64.whl", hash = "sha256:ac9491a1b29f712695cd3c32f75722775cb7ee70236023df696f462299b590fe"},
    {file = "selectolax-0.4.1-cp312-cp312-musllinux_1_2_aarch64.whl", hash = "sha256:677bfed36aeea126e28a601aeba5f8dff7a42c808e0a55a2deac7c4599177aba"},
    {file = "selectolax-0.4.1-cp312-cp312-musllinux_1_2_x86_64.whl", hash = "sha256:ff58c34e76010f9ef17b94a7481404ad143d7560142e077c38ea291e982b1ef7"},
    {file = "selectolax-0.4.1-cp312-cp312-win32.whl", hash = "sha256:1d6786f77eb9fd27cd6acd4009aefa6a6924553b40bc3be7e24201de55a8fc3f"},
    {file = "selectolax-0.4.1-cp312-cp312-win_amd64.whl", hash = "sha256:b14d8259f819c72ce11454fd6b1466da1a03c9b7bbe0170d577cb0acc1258ea6"},
    {file = "selectolax-0.4.1-cp312-cp312-win_arm64.whl", hash = "sha256:6a8acdcd6452b66e094d0aa0db1d0aa1a752ddf98a4907fd87253c7ab1314768"},
    {file = "selectolax-0.4.1-cp313-cp313-macosx_10_13_x86_64.whl", hash = "sha256:97964efa178891820c4ac4921260d47be3a0cfb3d7c6f8090ad7bacd3a546176"},
    {file = "selectolax-0.4.1-cp313-cp313-macosx_11_0_arm64.whl", hash = "sha256:67c0c28c50e79bd524dd0ad8050ac669d198608144d6b68b81b087221163caa5"},
    {file = "selectolax-0.4.1-cp313-cp313-manylinux2014_aarch64.manylinux_2_17_aarch64.manylinux_2_28_aarch64.whl", hash = "sha256:406fa1597ec6e1b0bd30051f114a9497aab28a37d1f1c6693372485df4fa8c03"},
    {file = "selectolax-0.4.1-cp313-cp313-manylinux2014_x86_64.manylinux_2_17_x86_64.manylinux_2_28_x86_64.whl", hash = "sha256:068b75e52dfea7f46a8f3ab86d8318e42e06f02274c55558877cbf3bdc93c00e"},
    {file = "selectolax-0.4.1-cp313-cp313-musllinux_1_2_aarch64.whl", hash = "sha256:57fa60ac22171d03877497d0fe02f3de6b750c99f11c9c1a6dbb8a234b2021ef"},
    {file = "selectolax-0.4.1-cp313-cp313-musllinux_1_2_x86_64.whl", hash = "sha256:d3e04c450e510a22468aa063227d40a1eac155d78852f215ed3c1b718378eb26"},
    {file = "selectolax-0.4.1-cp313-cp313-win32.whl", hash = "sha256:0b564904c3b1e4700f3046884a9d4abc3bbe1e05debb2d2871deeb664e9afe35"},
    {file = "selectolax-0.4.1-cp313-cp313-win_amd64.whl", hash = "sha256:44c4654d8519d1c016e8ef2db75f16b63c2635505da5ab6702043cbb340b484e"},
    {file = "selectolax-0.4.1-cp313-cp313-win_arm64.whl", hash = "sha256:79d7c150d70168aa817fe91b0e026574e14475122429e3fa4659e77efa28128b"},
    {file = "selectolax-0.4.1-cp314-cp314-macosx_10_13_x86_64.whl", hash = "sha256:058fbf1fcbe7d91cb865917ee9f76b2ad86668e8ddd071495b1ad30c112a1869"},
    {file = "selectolax-0.4.1-cp314-cp314-macosx_11_0_arm64.whl", hash = "sha256:e81cd405ccb59c96f89a2e3c9bf928072cd37024613b7e2f6a0c34fb933f5517"},
    {file = "selectolax-0.4.1-cp314-cp314-manylinux2014_aarch64.manylinux_2_17_aarch64.manylinux_2_28_aarch64.whl", hash = "sha256:b356ba11a3666499a96ac4e20f1ce847d49501df15b1fdbb79d2387f6608f7d6"},
    {file = "selectolax-0.4.1-cp314-cp314-manylinux2014_x86_64.manylinux_2_17_x86_64.manylinux_2_28_x86_64.whl", hash = "sha256:c6447adabd584c7c60cf8ce5c6cd30b4b410061d838d94a69e18dab467325618"},
    {file = "selectolax-0.4.1-cp314-cp314-musllinux_1_2_aarch64.whl", hash = "sha256:6104aea4b2e7407edbbc9a9545698e9f3df3c6a4c47f204a83568b0728366905"},
    {file = "selectolax-0.4.1-cp314-cp314-musllinux_1_2_x86_64.whl", hash = "sha256:bce67e316c6ab957bd0a46c8df2f14c2a7bcc7752ece3b570724092ec84245ca"},
    {file = "selectolax-0.4.1-cp314-cp314-win32.whl", hash = "sha256:a6a93d5964a0f9b580d37e8aebf13ca2a37804e9d75d6481b016f9a4770d4a39"},
    {file = "selectolax-0.4.1-cp314-cp314-win_amd64.whl", hash = "sha256:d702743f9e69d101305d9cf3b2d92aebc0acae806bb0c113dd9ba2c78e80b9cd"},
    {file = "selectolax-0.4.1-cp314-cp314-win_arm64.whl", hash = "sha256:6edbe6ecee7da69211828425116521b3e62111351c4c3e344e4da257275004f7"},
    {file = "selectolax-0.4.1-cp314-cp314t-macosx_10_13_x86_64.whl", hash = "sha256:93320c0f1f81ad686f804ebec1024bb22a3ac696b77aa5087809faccfc65f901"},
    {file = "selectolax-0.4.1-cp314-cp314t-macosx_11_0_arm64.whl", hash = "sha256:2efcc875cc9b7d80ea0becce5a4cdf2f7f552a38de51dc0f80fd59048045d48b"},
    {file = "selectolax-0.4.1-cp314-cp314t-manylinux2014_aarch64.manylinux_2_17_aarch64.manylinux_2_28_aarch64.whl", hash = "sha256:9f4374159c4816767bb5a0c47a2fc3dc65d3f1c53b614876e6e66f8ad5009577"},
    {file = "selectolax-0.4.1-cp314-cp314t-manylinux2014_x86_64.manylinux_2_17_x86_64.manylinux_2_28_x86_64.whl", hash = "sha256:140db53496eb6d15fca187ca85e770bb889d5eb0994c0173f9a56513f31d5a46"},
    {file = "selectolax-0.4.1-cp314-cp314t-musllinux_1_2_aarch64.whl", hash = "sha256:e52a3eccb0d9da471ea09b4000e4d0a32e5094cfad76d17d2311b48e9b49046a"},
    {file = "selectolax-0.4.1-cp314-cp314t-musllinux_1_2_x86_64.whl", hash = "sha256:aad323017fc75dd0543b9617ce2c99db49efba787a74904d45e7e036d545c0a1"},
    {file = "selectolax-0.4.1-cp314-cp314t-win32.whl", hash = "sha256:434b18ae66566c7b376513585c89c05dd77f67feaf5eb0687e96786398da403b"},
    {file = "selectolax-0.4.1-cp314-cp314t-win_amd64.whl", hash = "sha256:7ee47eccd9f9705f784b872cbaa8328b27878b7fe3e060ca5a27125a9b47034f"},
    {file = "selectolax-0.4.1-cp314-cp314t-win_arm64.whl", hash = "sha256:2d2e2944b28ccbbaa7cb403fe86702fef616a35421bc5cbd6a618ad3dce3dac2"},
    {file = "selectolax-0.4.1-cp39-cp39-macosx_10_9_x86_64.whl", hash = "sha256:717cd99ce6337cc623b2bd8cfbea3f3ecce6a40ee80f1104b1bead7056d6408f"},
    {file = "selectolax-0.4.1-cp39-cp39-macosx_11_0_arm64.whl", hash = "sha256:cd7e5fa804cec79b5b30dd8b6c55538da288b26d4ed896c4c37a21844fa95431"},
    {file = "selectolax-0.4.1-cp39-cp39-manylinux2014_aarch64.manylinux_2_17_aarch64.manylinux_2_28_aarch64.whl", hash = "sha256:590332c4f782685969886ffec03ea8cd4aaf1aa17975986e36a50deb02a8b223"},
    {file = "selectolax-0.4.1-cp39-cp39-manylinux2014_x86_64.manylinux_2_17_x86_64.manylinux_2_28_x86_64.whl", hash = "sha256:9d95256ea7a687b23b3ba459d7581f3e86508c5778fea8ae2e1812d6a0a7d7dc"},
    {file = "selectolax-0.4.1-cp39-cp39-musllinux_1_2_aarch64.whl", hash = "sha256:59fe4c39bedd0b14521910ccc0199478f3b079b5abf0a8531d9269bb52b89bff"},
    {file = "selectolax-0.4.1-cp39-cp39-musllinux_1_2_x86_64.whl", hash = "sha256:e221a1bdd8326a52cfb7be484eb1317ccd11ccd1ccf24f6709128ac50086b327"},
    {file = "selectolax-0.4.1-cp39-cp39-win32.whl", hash = "sha256:2b749be78bbc62c829183cb1b3779ee9c12b7e69f91ccbe5c768dc95b13f06fb"},
    {file = "selectolax-0.4.1-cp39-cp39-win_amd64.whl", hash = "sha256:ed13255505fbd1f10737dfa8164375b57e568fb1225042d9588c5b1f0000bc8e"},
    {file = "selectolax-0.4.1-cp39-cp39-win_arm64.whl", hash = "sha256:1cc5eb09c3366d7a4110ac18f765ce046ed423240be7b0fd691ea6284e06a114"},
    {file = "selectolax-0.4.1.tar.gz", hash = "sha256:f0cca2d4cc2e69d8ef9864071efcf4fc97f5afc042f9becee045dff63c09be43"},
]

[package.extras]
cython = ["Cython"]

[[package]]
name = "six"
version = "1.16.0"
description = "Python 2 and 3 compatibility utilities"
optional = false
python-versions = ">=2.7, !=3.0.*, !=3.1.*, !=3.2.*"
groups = ["main"]
files = [
    {file = "six-1.16.0-py2.py3-none-any.whl", hash = "sha256:8abb2f1d86890a2dfb989f9a77cfcfd3e47c2a354b01111771326f8aa26e0254"},
    {file = "six-1.16.0.tar.gz", hash = "sha256:1e61c37477a1626458e36f7b1d82aa5c9b094fa4802892072e49de9c60c4c926"},
]

[[package]]
name = "tomli"
version = "2.0.1"
description = "A lil' TOML parser"
optional = false
python-versions = ">=3.7"
groups = ["dev"]
markers = "python_version == \"3.10\""
files = [
    {file = "tomli-2.0.1-py3-none-any.whl", hash = "sha256:939de3e7a6161af0c887ef91b7d41a53e7c5a1ca976325f429cb46ea9bc30ecc"},
    {file = "tomli-2.0.1.tar.gz", hash = "sha256:de526c12914f0c550d15924c62d72abc48d6fe7364aa87328337a31007fe8a4f"},
]

[[package]]
name = "typing-extensions"
version = "4.7.1"
description = "Backported and Experimental Type Hints for Python 3.7+"
optional = false
python-versions = ">=3.7"
groups = ["dev"]
markers = "python_version == \"3.10\""
files = [
    {file = "typing_extensions-4.7.1-py3-none-any.whl", hash = "sha256:440d5dd3af93b060174bf433bccd69b0babc3b15b1a8dca43789fd7f61514b36"},
    {file = "typing_extensions-4.7.1.tar.gz", hash = "sha256:b75ddc264f0ba5615db7ba217daeb99701ad295353c45f9e95963337ceeeffb2"},
]

[[package]]
name = "urllib3"
version = "1.26.19"
description = "HTTP library with thread-safe connection pooling, file post, and more."
optional = false
python-versions = "!=3.0.*,!=3.1.*,!=3.2.*,!=3.3.*,!=3.4.*,!=3.5.*,>=2.7"
groups = ["main"]
files = [
    {file = "urllib3-1.26.19-py2.py3-none-any.whl", hash = "sha256:37a0344459b199fce0e80b0d3569837ec6b6937435c5244e7fd73fa6006830f3"},
    {file = "urllib3-1.26.19.tar.gz", hash = "sha256:3e3d753a8618b86d7de333b4223005f68720bcd6a7d2bcb9fbd2229ec7c1e429"},
]

[package.extras]
brotli = ["brotli (==1.0.9) ; os_name != \"nt\" and python_version < \"3\" and platform_python_implementation == \"CPython\"", "brotli (>=1.0.9) ; python_version >= \"3\" and platform_python_implementation == \"CPython\"", "brotlicffi (>=0.8.0) ; (os_name != \"nt\" or python_version >= \"3\") and platform_python_implementation != \"CPython\"", "brotlipy (>=0.6.0) ; os_name == \"nt\" and python_version < \"3\""]
secure = ["certifi", "cryptography (>=1.3.4)", "idna (>=2.0.0)", "ipaddress ; python_version == \"2.7\"", "pyOpenSSL (>=0.14)", "urllib3-secure-extra"]
socks = ["PySocks (>=1.5.6,!=1.5.7,<2.0)"]

[metadata]
lock-version = "2.1"
python-versions = "^3.10"
content-hash = "d286ca19a003884fd1c1156da565252c773f64d70b2d2ccc75b54df73679ecd1"
